
Microsoft Visual Studio Solution File, Format Version 12.00
# Visual Studio Version 17
VisualStudioVersion = 17.0.32014.148
MinimumVisualStudioVersion = 10.0.40219.1
Project("{FAE04EC0-301F-11D3-BF4B-00C04F79EFBC}") = "Mondadoro", "Mondadoro.csproj", "{DBA301DD-79DE-4B2D-8154-46F2534FDE18}"
EndProject
Global
	GlobalSection(SolutionConfigurationPlatforms) = preSolution
		Debug|Any CPU = Debug|Any CPU
		Release|Any CPU = Release|Any CPU
	EndGlobalSection
	GlobalSection(ProjectConfigurationPlatforms) = postSolution
		{DBA301DD-79DE-4B2D-8154-46F2534FDE18}.Debug|Any CPU.ActiveCfg = Debug|Any CPU
		{DBA301DD-79DE-4B2D-8154-46F2534FDE18}.Debug|Any CPU.Build.0 = Debug|Any CPU
		{DBA301DD-79DE-4B2D-8154-46F2534FDE18}.Release|Any CPU.ActiveCfg = Release|Any CPU
		{DBA301DD-79DE-4B2D-8154-46F2534FDE18}.Release|Any CPU.Build.0 = Release|Any CPU
	EndGlobalSection
	GlobalSection(SolutionProperties) = preSolution
		HideSolutionNode = FALSE
	EndGlobalSection
	GlobalSection(ExtensibilityGlobals) = postSolution
		SolutionGuid = {1186E29B-2120-4945-A693-98BCB4CC20CF}
	EndGlobalSection
EndGlobal
